{
  "version": "5",
  "specifiers": {
    "npm:@rollup/plugin-node-resolve@16.0.3": "16.0.3_rollup@4.60.3",
    "npm:@rspack/core@2.0.2": "2.0.2",
    "npm:deno-test@1.0.3": "1.0.3",
    "npm:enogu@0.7.0": "0.7.0",
    "npm:esbuild@0.27.2": "0.27.2",
    "npm:memfs@4.17.0": "4.17.0",
    "npm:npm@11.14.1": "11.14.1",
    "npm:oxlint@1.63.0": "1.63.0",
    "npm:rolldown@1.0.0": "1.0.0",
    "npm:rollup@4.60.3": "4.60.3",
    "npm:unplugin@3": "3.0.0",
    "npm:valibot@1.4.0": "1.4.0"
  },
  "npm": {
    "@deno/shim-deno-test@0.5.0": {
      "integrity": "sha512-4nMhecpGlPi0cSzT67L+Tm+GOJqvuk8gqHBziqcUQOarnuIax1z96/gJHCSIz2Z0zhxE6Rzwb3IZXPtFh51j+w=="
    },
    "@emnapi/core@1.10.0": {
      "integrity": "sha512-yq6OkJ4p82CAfPl0u9mQebQHKPJkY7WrIuk205cTYnYe+k2Z8YBh11FrbRG/H6ihirqcacOgl2BIO8oyMQLeXw==",
      "dependencies": [
        "@emnapi/wasi-threads",
        "tslib"
      ]
    },
    "@emnapi/runtime@1.10.0": {
      "integrity": "sha512-ewvYlk86xUoGI0zQRNq/mC+16R1QeDlKQy21Ki3oSYXNgLb45GV1P6A0M+/s6nyCuNDqe5VpaY84BzXGwVbwFA==",
      "dependencies": [
        "tslib"
      ]
    },
    "@emnapi/wasi-threads@1.2.1": {
      "integrity": "sha512-uTII7OYF+/Mes/MrcIOYp5yOtSMLBWSIoLPpcgwipoiKbli6k322tcoFsxoIIxPDqW01SQGAgko4EzZi2BNv2w==",
      "dependencies": [
        "tslib"
      ]
    },
    "@esbuild/aix-ppc64@0.27.2": {
      "integrity": "sha512-GZMB+a0mOMZs4MpDbj8RJp4cw+w1WV5NYD6xzgvzUJ5Ek2jerwfO2eADyI6ExDSUED+1X8aMbegahsJi+8mgpw==",
      "os": ["aix"],
      "cpu": ["ppc64"]
    },
    "@esbuild/android-arm64@0.27.2": {
      "integrity": "sha512-pvz8ZZ7ot/RBphf8fv60ljmaoydPU12VuXHImtAs0XhLLw+EXBi2BLe3OYSBslR4rryHvweW5gmkKFwTiFy6KA==",
      "os": ["android"],
      "cpu": ["arm64"]
    },
    "@esbuild/android-arm@0.27.2": {
      "integrity": "sha512-DVNI8jlPa7Ujbr1yjU2PfUSRtAUZPG9I1RwW4F4xFB1Imiu2on0ADiI/c3td+KmDtVKNbi+nffGDQMfcIMkwIA==",
      "os": ["android"],
      "cpu": ["arm"]
    },
    "@esbuild/android-x64@0.27.2": {
      "integrity": "sha512-z8Ank4Byh4TJJOh4wpz8g2vDy75zFL0TlZlkUkEwYXuPSgX8yzep596n6mT7905kA9uHZsf/o2OJZubl2l3M7A==",
      "os": ["android"],
      "cpu": ["x64"]
    },
    "@esbuild/darwin-arm64@0.27.2": {
      "integrity": "sha512-davCD2Zc80nzDVRwXTcQP/28fiJbcOwvdolL0sOiOsbwBa72kegmVU0Wrh1MYrbuCL98Omp5dVhQFWRKR2ZAlg==",
      "os": ["darwin"],
      "cpu": ["arm64"]
    },
    "@esbuild/darwin-x64@0.27.2": {
      "integrity": "sha512-ZxtijOmlQCBWGwbVmwOF/UCzuGIbUkqB1faQRf5akQmxRJ1ujusWsb3CVfk/9iZKr2L5SMU5wPBi1UWbvL+VQA==",
      "os": ["darwin"],
      "cpu": ["x64"]
    },
    "@esbuild/freebsd-arm64@0.27.2": {
      "integrity": "sha512-lS/9CN+rgqQ9czogxlMcBMGd+l8Q3Nj1MFQwBZJyoEKI50XGxwuzznYdwcav6lpOGv5BqaZXqvBSiB/kJ5op+g==",
      "os": ["freebsd"],
      "cpu": ["arm64"]
    },
    "@esbuild/freebsd-x64@0.27.2": {
      "integrity": "sha512-tAfqtNYb4YgPnJlEFu4c212HYjQWSO/w/h/lQaBK7RbwGIkBOuNKQI9tqWzx7Wtp7bTPaGC6MJvWI608P3wXYA==",
      "os": ["freebsd"],
      "cpu": ["x64"]
    },
    "@esbuild/linux-arm64@0.27.2": {
      "integrity": "sha512-hYxN8pr66NsCCiRFkHUAsxylNOcAQaxSSkHMMjcpx0si13t1LHFphxJZUiGwojB1a/Hd5OiPIqDdXONia6bhTw==",
      "os": ["linux"],
      "cpu": ["arm64"]
    },
    "@esbuild/linux-arm@0.27.2": {
      "integrity": "sha512-vWfq4GaIMP9AIe4yj1ZUW18RDhx6EPQKjwe7n8BbIecFtCQG4CfHGaHuh7fdfq+y3LIA2vGS/o9ZBGVxIDi9hw==",
      "os": ["linux"],
      "cpu": ["arm"]
    },
    "@esbuild/linux-ia32@0.27.2": {
      "integrity": "sha512-MJt5BRRSScPDwG2hLelYhAAKh9imjHK5+NE/tvnRLbIqUWa+0E9N4WNMjmp/kXXPHZGqPLxggwVhz7QP8CTR8w==",
      "os": ["linux"],
      "cpu": ["ia32"]
    },
    "@esbuild/linux-loong64@0.27.2": {
      "integrity": "sha512-lugyF1atnAT463aO6KPshVCJK5NgRnU4yb3FUumyVz+cGvZbontBgzeGFO1nF+dPueHD367a2ZXe1NtUkAjOtg==",
      "os": ["linux"],
      "cpu": ["loong64"]
    },
    "@esbuild/linux-mips64el@0.27.2": {
      "integrity": "sha512-nlP2I6ArEBewvJ2gjrrkESEZkB5mIoaTswuqNFRv/WYd+ATtUpe9Y09RnJvgvdag7he0OWgEZWhviS1OTOKixw==",
      "os": ["linux"],
      "cpu": ["mips64el"]
    },
    "@esbuild/linux-ppc64@0.27.2": {
      "integrity": "sha512-C92gnpey7tUQONqg1n6dKVbx3vphKtTHJaNG2Ok9lGwbZil6DrfyecMsp9CrmXGQJmZ7iiVXvvZH6Ml5hL6XdQ==",
      "os": ["linux"],
      "cpu": ["ppc64"]
    },
    "@esbuild/linux-riscv64@0.27.2": {
      "integrity": "sha512-B5BOmojNtUyN8AXlK0QJyvjEZkWwy/FKvakkTDCziX95AowLZKR6aCDhG7LeF7uMCXEJqwa8Bejz5LTPYm8AvA==",
      "os": ["linux"],
      "cpu": ["riscv64"]
    },
    "@esbuild/linux-s390x@0.27.2": {
      "integrity": "sha512-p4bm9+wsPwup5Z8f4EpfN63qNagQ47Ua2znaqGH6bqLlmJ4bx97Y9JdqxgGZ6Y8xVTixUnEkoKSHcpRlDnNr5w==",
      "os": ["linux"],
      "cpu": ["s390x"]
    },
    "@esbuild/linux-x64@0.27.2": {
      "integrity": "sha512-uwp2Tip5aPmH+NRUwTcfLb+W32WXjpFejTIOWZFw/v7/KnpCDKG66u4DLcurQpiYTiYwQ9B7KOeMJvLCu/OvbA==",
      "os": ["linux"],
      "cpu": ["x64"]
    },
    "@esbuild/netbsd-arm64@0.27.2": {
      "integrity": "sha512-Kj6DiBlwXrPsCRDeRvGAUb/LNrBASrfqAIok+xB0LxK8CHqxZ037viF13ugfsIpePH93mX7xfJp97cyDuTZ3cw==",
      "os": ["netbsd"],
      "cpu": ["arm64"]
    },
    "@esbuild/netbsd-x64@0.27.2": {
      "integrity": "sha512-HwGDZ0VLVBY3Y+Nw0JexZy9o/nUAWq9MlV7cahpaXKW6TOzfVno3y3/M8Ga8u8Yr7GldLOov27xiCnqRZf0tCA==",
      "os": ["netbsd"],
      "cpu": ["x64"]
    },
    "@esbuild/openbsd-arm64@0.27.2": {
      "integrity": "sha512-DNIHH2BPQ5551A7oSHD0CKbwIA/Ox7+78/AWkbS5QoRzaqlev2uFayfSxq68EkonB+IKjiuxBFoV8ESJy8bOHA==",
      "os": ["openbsd"],
      "cpu": ["arm64"]
    },
    "@esbuild/openbsd-x64@0.27.2": {
      "integrity": "sha512-/it7w9Nb7+0KFIzjalNJVR5bOzA9Vay+yIPLVHfIQYG/j+j9VTH84aNB8ExGKPU4AzfaEvN9/V4HV+F+vo8OEg==",
      "os": ["openbsd"],
      "cpu": ["x64"]
    },
    "@esbuild/openharmony-arm64@0.27.2": {
      "integrity": "sha512-LRBbCmiU51IXfeXk59csuX/aSaToeG7w48nMwA6049Y4J4+VbWALAuXcs+qcD04rHDuSCSRKdmY63sruDS5qag==",
      "os": ["openharmony"],
      "cpu": ["arm64"]
    },
    "@esbuild/sunos-x64@0.27.2": {
      "integrity": "sha512-kMtx1yqJHTmqaqHPAzKCAkDaKsffmXkPHThSfRwZGyuqyIeBvf08KSsYXl+abf5HDAPMJIPnbBfXvP2ZC2TfHg==",
      "os": ["sunos"],
      "cpu": ["x64"]
    },
    "@esbuild/win32-arm64@0.27.2": {
      "integrity": "sha512-Yaf78O/B3Kkh+nKABUF++bvJv5Ijoy9AN1ww904rOXZFLWVc5OLOfL56W+C8F9xn5JQZa3UX6m+IktJnIb1Jjg==",
      "os": ["win32"],
      "cpu": ["arm64"]
    },
    "@esbuild/win32-ia32@0.27.2": {
      "integrity": "sha512-Iuws0kxo4yusk7sw70Xa2E2imZU5HoixzxfGCdxwBdhiDgt9vX9VUCBhqcwY7/uh//78A1hMkkROMJq9l27oLQ==",
      "os": ["win32"],
      "cpu": ["ia32"]
    },
    "@esbuild/win32-x64@0.27.2": {
      "integrity": "sha512-sRdU18mcKf7F+YgheI/zGf5alZatMUTKj/jNS6l744f9u3WFu4v7twcUI9vu4mknF4Y9aDlblIie0IM+5xxaqQ==",
      "os": ["win32"],
      "cpu": ["x64"]
    },
    "@jridgewell/gen-mapping@0.3.13": {
      "integrity": "sha512-2kkt/7niJ6MgEPxF0bYdQ6etZaA+fQvDcLKckhy1yIQOzaoKjBBjSj63/aLVjYE3qhRt5dvM+uUyfCg6UKCBbA==",
      "dependencies": [
        "@jridgewell/sourcemap-codec",
        "@jridgewell/trace-mapping"
      ]
    },
    "@jridgewell/remapping@2.3.5": {
      "integrity": "sha512-LI9u/+laYG4Ds1TDKSJW2YPrIlcVYOwi2fUC6xB43lueCjgxV4lffOCZCtYFiH6TNOX+tQKXx97T4IKHbhyHEQ==",
      "dependencies": [
        "@jridgewell/gen-mapping",
        "@jridgewell/trace-mapping"
      ]
    },
    "@jridgewell/resolve-uri@3.1.2": {
      "integrity": "sha512-bRISgCIjP20/tbWSPWMEi54QVPRZExkuD9lJL+UIxUKtwVJA8wW1Trb1jMs1RFXo1CBTNZ/5hpC9QvmKWdopKw=="
    },
    "@jridgewell/sourcemap-codec@1.5.5": {
      "integrity": "sha512-cYQ9310grqxueWbl+WuIUIaiUaDcj7WOq5fVhEljNVgRfOUhY9fy2zTvfoqWsnebh8Sl70VScFbICvJnLKB0Og=="
    },
    "@jridgewell/trace-mapping@0.3.31": {
      "integrity": "sha512-zzNR+SdQSDJzc8joaeP8QQoCQr8NuYx2dIIytl1QeBEZHJ9uW6hebsrYgbz8hJwUQao3TWCMtmfV8Nu1twOLAw==",
      "dependencies": [
        "@jridgewell/resolve-uri",
        "@jridgewell/sourcemap-codec"
      ]
    },
    "@jsonjoy.com/base64@1.1.2_tslib@2.8.1": {
      "integrity": "sha512-q6XAnWQDIMA3+FTiOYajoYqySkO+JSat0ytXGSuRdq9uXE7o92gzuQwQM14xaCRlBLGq3v5miDGC4vkVTn54xA==",
      "dependencies": [
        "tslib"
      ]
    },
    "@jsonjoy.com/buffers@1.2.1_tslib@2.8.1": {
      "integrity": "sha512-12cdlDwX4RUM3QxmUbVJWqZ/mrK6dFQH4Zxq6+r1YXKXYBNgZXndx2qbCJwh3+WWkCSn67IjnlG3XYTvmvYtgA==",
      "dependencies": [
        "tslib"
      ]
    },
    "@jsonjoy.com/codegen@1.0.0_tslib@2.8.1": {
      "integrity": "sha512-E8Oy+08cmCf0EK/NMxpaJZmOxPqM+6iSe2S4nlSBrPZOORoDJILxtbSUEDKQyTamm/BVAhIGllOBNU79/dwf0g==",
      "dependencies": [
        "tslib"
      ]
    },
    "@jsonjoy.com/json-pack@1.21.0_tslib@2.8.1": {
      "integrity": "sha512-+AKG+R2cfZMShzrF2uQw34v3zbeDYUqnQ+jg7ORic3BGtfw9p/+N6RJbq/kkV8JmYZaINknaEQ2m0/f693ZPpg==",
      "dependencies": [
        "@jsonjoy.com/base64",
        "@jsonjoy.com/buffers",
        "@jsonjoy.com/codegen",
        "@jsonjoy.com/json-pointer",
        "@jsonjoy.com/util",
        "hyperdyperid",
        "thingies",
        "tree-dump",
        "tslib"
      ]
    },
    "@jsonjoy.com/json-pointer@1.0.2_tslib@2.8.1": {
      "integrity": "sha512-Fsn6wM2zlDzY1U+v4Nc8bo3bVqgfNTGcn6dMgs6FjrEnt4ZCe60o6ByKRjOGlI2gow0aE/Q41QOigdTqkyK5fg==",
      "dependencies": [
        "@jsonjoy.com/codegen",
        "@jsonjoy.com/util",
        "tslib"
      ]
    },
    "@jsonjoy.com/util@1.9.0_tslib@2.8.1": {
      "integrity": "sha512-pLuQo+VPRnN8hfPqUTLTHk126wuYdXVxE6aDmjSeV4NCAgyxWbiOIeNJVtID3h1Vzpoi9m4jXezf73I6LgabgQ==",
      "dependencies": [
        "@jsonjoy.com/buffers",
        "@jsonjoy.com/codegen",
        "tslib"
      ]
    },
    "@napi-rs/wasm-runtime@1.1.4_@emnapi+core@1.10.0_@emnapi+runtime@1.10.0": {
      "integrity": "sha512-3NQNNgA1YSlJb/kMH1ildASP9HW7/7kYnRI2szWJaofaS1hWmbGI4H+d3+22aGzXXN9IJ+n+GiFVcGipJP18ow==",
      "dependencies": [
        "@emnapi/core",
        "@emnapi/runtime",
        "@tybys/wasm-util"
      ]
    },
    "@oxc-project/types@0.129.0": {
      "integrity": "sha512-3oz8m3FGdr2nDXVqmFUw7jolKliC4MoyXYIG2c7gpjBnzUWQpUGIYcXYKxTdTi+N2jusvt610ckTMkxdwHkYEg=="
    },
    "@oxlint/binding-android-arm-eabi@1.63.0": {
      "integrity": "sha512-A9xLtQt7i0OA1PoB/meog6kikXI9CdwEp7ZwQqmgnpKn3G3b1orvTDy8CQ6T7w1HvDrgWGB78PkFKcWgibcTCg==",
      "os": ["android"],
      "cpu": ["arm"]
    },
    "@oxlint/binding-android-arm64@1.63.0": {
      "integrity": "sha512-SQo+ZMvdR9l3CxZp5W5gFNxSiDxclY6lOzzNpKYLF8asESpm3Pwumx0gER5T7aHLF1/2BAAtLD3DiDkdgy4V1A==",
      "os": ["android"],
      "cpu": ["arm64"]
    },
    "@oxlint/binding-darwin-arm64@1.63.0": {
      "integrity": "sha512-6W82XjJDTmMnjg30427l0dufpnyLoq7wEukKdM6/g2VIybRVuQiBVh43EA4b+UxZ3+tLcKm+Or/pXGNgLCEU8g==",
      "os": ["darwin"],
      "cpu": ["arm64"]
    },
    "@oxlint/binding-darwin-x64@1.63.0": {
      "integrity": "sha512-CnWd/YCuVG5W1BYkjJEVbJG11o526O9qAwBEQM+nh8K19CRFUkFdROXCyYkGmroHEYQe4vgQ6+lh3550Lp35Xw==",
      "os": ["darwin"],
      "cpu": ["x64"]
    },
    "@oxlint/binding-freebsd-x64@1.63.0": {
      "integrity": "sha512-a4eZAqrmtajqcxfdAzC+l7g3PaE3V8hpAYqqeD3fTxLXOMFdK3eNTZrU80n4dDEVm0JXy1aL5PqvqWldBl6zYA==",
      "os": ["freebsd"],
      "cpu": ["x64"]
    },
    "@oxlint/binding-linux-arm-gnueabihf@1.63.0": {
      "integrity": "sha512-tYUtU9TdbU3uXF5D62g5zXJ13iniFGhXQx5vp9cyEjGdbSAY3VdFBSaldYvyoDmgMZ0ZYuwQP1Y4t2Fhejwa0w==",
      "os": ["linux"],
      "cpu": ["arm"]
    },
    "@oxlint/binding-linux-arm-musleabihf@1.63.0": {
      "integrity": "sha512-I5r3twFf776UZg9dmRo2xbrKt00tTkORXEVe0ctg4vdTkQvJAjiCHxnbAU2HL1AiJ9cqADA76MAliuilsAWnvg==",
      "os": ["linux"],
      "cpu": ["arm"]
    },
    "@oxlint/binding-linux-arm64-gnu@1.63.0": {
      "integrity": "sha512-t7ltUkg6FFh4b564QyGir8xIj/QZbXu8FlcRkcyW9+ztr/mfRHlvUOFd95pJCXi9s/L5DrUeWWgpXRS+V+6igQ==",
      "os": ["linux"],
      "cpu": ["arm64"]
    },
    "@oxlint/binding-linux-arm64-musl@1.63.0": {
      "integrity": "sha512-Q5mmZy/XWjuYFUuQyYjOvZ5U/JkKEwnpir6hGxhh6HcdP0V/BKxLo8dqkfF/t7r7AguB17dfS/8+go5AQDRR6g==",
      "os": ["linux"],
      "cpu": ["arm64"]
    },
    "@oxlint/binding-linux-ppc64-gnu@1.63.0": {
      "integrity": "sha512-uBGtuZ0TzLB4x5wVa82HGNvYqY8buwDhyCnCP0R0gkk9szqVsP0MeTtD5HX7EsEuFIt+aYmYxuxeVxs3nTSwtQ==",
      "os": ["linux"],
      "cpu": ["ppc64"]
    },
    "@oxlint/binding-linux-riscv64-gnu@1.63.0": {
      "integrity": "sha512-h4s6FwxE+9MeA181o0dnDwHP32Y/bG8EiB/vrD6Ib+AMt6haigDc/0bUtI/sLmQDBMJnUfaCmtSSrEAqjtEVrA==",
      "os": ["linux"],
      "cpu": ["riscv64"]
    },
    "@oxlint/binding-linux-riscv64-musl@1.63.0": {
      "integrity": "sha512-2EaNcCBR8Mcjl5ARtuN3BdEpVkX7KpjSjMGZ/mJMIeaXgTtdz5ytg2VwygMSStA/k0ixfvZFoZOfjDEcouV5vQ==",
      "os": ["linux"],
      "cpu": ["riscv64"]
    },
    "@oxlint/binding-linux-s390x-gnu@1.63.0": {
      "integrity": "sha512-p4hlf/fd7TrYYl3QrWWD0GocqJefwMu3cHQhmi2FvEB/YOvFb5DZN3SMBaPi7B1TM5DeypkEtrVib674q1KKPg==",
      "os": ["linux"],
      "cpu": ["s390x"]
    },
    "@oxlint/binding-linux-x64-gnu@1.63.0": {
      "integrity": "sha512-Vgq9rkRVcPcjbcH+ihYTfpeR7vCXfqpd+z5ItTGc0yYUV59L5ceHYN1iV4H9bKGV7Rn5hkVc7x3mSvHegduENA==",
      "os": ["linux"],
      "cpu": ["x64"]
    },
    "@oxlint/binding-linux-x64-musl@1.63.0": {
      "integrity": "sha512-3/Lkq/ncooA61rorrC+ZQed1Bc4VpGj+WnGsp58zmxKgvZ2vhreu+dcVyr3mX8NUpq7mfZ4gDDTou/yrF1Pd7A==",
      "os": ["linux"],
      "cpu": ["x64"]
    },
    "@oxlint/binding-openharmony-arm64@1.63.0": {
      "integrity": "sha512-0/EdD/6hDkx5Mfd769PTjvEM8mZ/6Dfukp1dBCL/2PjlIVGEtYdNZyok6ChqYPsT9JcFnlQnUeQzO0/1L/oC9w==",
      "os": ["openharmony"],
      "cpu": ["arm64"]
    },
    "@oxlint/binding-win32-arm64-msvc@1.63.0": {
      "integrity": "sha512-wb0CUkN8ngwPiRQBjD1Cj0LsHeNvm+Xt6YBHDMtj2DVQVD6Oj8Ri7g6BD+KICf6LaBqZlmzOvy6nF9E/8yyGOg==",
      "os": ["win32"],
      "cpu": ["arm64"]
    },
    "@oxlint/binding-win32-ia32-msvc@1.63.0": {
      "integrity": "sha512-BX5iq+ovdNlVYhSn5qPMUIT0uwAwt2lmEnCnzK+Gkhw4DovIvhGb96OFhV8yzQNUnQxn/xGkOR+X+BLrLDNm8w==",
      "os": ["win32"],
      "cpu": ["ia32"]
    },
    "@oxlint/binding-win32-x64-msvc@1.63.0": {
      "integrity": "sha512-QeN/WELOfsXMeYwxvfgQrl6CbVftYUCZsGXHjXQd5Trccm8+i4gmtxaOui4xbJQaiDlviF8F3yLSBloQUeFsfA==",
      "os": ["win32"],
      "cpu": ["x64"]
    },
    "@rolldown/binding-android-arm64@1.0.0": {
      "integrity": "sha512-TWMZnRLMe63C2Lhyicviu7ZHaU4kxa6PS3rofvc9GmcvptzNN11BcfQ4Sl7MwTOsisQoa2keB/EBdNCAnUo8vA==",
      "os": ["android"],
      "cpu": ["arm64"]
    },
    "@rolldown/binding-darwin-arm64@1.0.0": {
      "integrity": "sha512-6XcD+8k0gPVItNagEw78/qqcBDwKcwDYS8V2hRmVsfUSIrd8cWe/CBvRDI5toqFyPfj+FJr6t8U6Xj2P2prEew==",
      "os": ["darwin"],
      "cpu": ["arm64"]
    },
    "@rolldown/binding-darwin-x64@1.0.0": {
      "integrity": "sha512-iN/tWVXRQDWvmZlKdceP1Dwug9GDpEymhb9p4xnEe6zvCg5lFmzVljl+1qR1NVx3yfGpr2Na+CuLmv5IU8uzfQ==",
      "os": ["darwin"],
      "cpu": ["x64"]
    },
    "@rolldown/binding-freebsd-x64@1.0.0": {
      "integrity": "sha512-jjQMDvvwSOuhOwMszD/klSOjyWMM3zI64hWTj9KT5x4MxRbZAf+7vLQ6qouRhtsLVFHr3f0ILaJAfgENPiQdAQ==",
      "os": ["freebsd"],
      "cpu": ["x64"]
    },
    "@rolldown/binding-linux-arm-gnueabihf@1.0.0": {
      "integrity": "sha512-d//Dtg2x6/m3mbV64yUGNnDGNZaDGRpDLLNGerHQUVObuNaIQaaDp25yUiqGXtHEXX+NP2d0wAlmKgpYgIAJ2A==",
      "os": ["linux"],
      "cpu": ["arm"]
    },
    "@rolldown/binding-linux-arm64-gnu@1.0.0": {
      "integrity": "sha512-n7Ofp0mx+aB2cC+Sdy5YtMnXtY9lchnHbY+3Yt0uq9JsWQExf4f5Whu0tK0R8Jdc9S6RchTHjIFY7uc92puOVQ==",
      "os": ["linux"],
      "cpu": ["arm64"]
    },
    "@rolldown/binding-linux-arm64-musl@1.0.0": {
      "integrity": "sha512-EIVjy2cgd7uuMMo94FVkBp7F6DhcZAUwNURkSG3RwUmvAXR6s0ISxM81U+IydcZByPG0pZIHsf1b6kTxoFDgJA==",
      "os": ["linux"],
      "cpu": ["arm64"]
    },
    "@rolldown/binding-linux-ppc64-gnu@1.0.0": {
      "integrity": "sha512-JEwwOPcwTLAcpDQlqSmjEmfs63xJnSiUNIGvLcDLUHCWK4XowpS/7c7tUsUH6uT/ct6bMUTdXKfI8967FYj6mg==",
      "os": ["linux"],
      "cpu": ["ppc64"]
    },
    "@rolldown/binding-linux-s390x-gnu@1.0.0": {
      "integrity": "sha512-0wjCFhLrihtAubnT9iA0N++0pSV0z5Hg7tNGdNJ4RFaINceHadoF+kiFGyY1qSSNVIAZtLotG8Ju1bgDPkjnFA==",
      "os": ["linux"],
      "cpu": ["s390x"]
    },
    "@rolldown/binding-linux-x64-gnu@1.0.0": {
      "integrity": "sha512-Dfn7iak9BcMMePxcoJfpSbWqnEyrp/dRF63/8qW/eHBdOZov6x5aShLLEYGYdIeSJ6vMLK/XCVB+lGIxm41bQA==",
      "os": ["linux"],
      "cpu": ["x64"]
    },
    "@rolldown/binding-linux-x64-musl@1.0.0": {
      "integrity": "sha512-5/utzzDmD/pD/bmuaUcbTf/sZYy0aztwIVlfpoW1fTjCZ0BaPOMVWGZL1zvgxyi7ZIVYWlxKONHmSbHuiOh8Jw==",
      "os": ["linux"],
      "cpu": ["x64"]
    },
    "@rolldown/binding-openharmony-arm64@1.0.0": {
      "integrity": "sha512-ouJs8VcUomfLfpbUECqFMRqdV4x6aeAK3MA4m6vTrJJjKyWTV5KnxZx7Jd9G+GlDaQQxubcba00x16OyJ1meig==",
      "os": ["openharmony"],
      "cpu": ["arm64"]
    },
    "@rolldown/binding-wasm32-wasi@1.0.0": {
      "integrity": "sha512-E+oHKGiDA+lsKMmFtffDDw91EryDT7uJocrIuCHqhm6bCTM6xFK+3gaCkYOHfPwQr0cCNarSM2xaELoQDz9jJg==",
      "dependencies": [
        "@emnapi/core",
        "@emnapi/runtime",
        "@napi-rs/wasm-runtime"
      ],
      "cpu": ["wasm32"]
    },
    "@rolldown/binding-win32-arm64-msvc@1.0.0": {
      "integrity": "sha512-yYK02n8Rngo+gbm1y6G0+7jk1sJ/2Wt7K0me0Y7k/ErBpyf+LJ2gFpqWVTcRV1rUepBlQRmpgWkTQCiiwrK0Ow==",
      "os": ["win32"],
      "cpu": ["arm64"]
    },
    "@rolldown/binding-win32-x64-msvc@1.0.0": {
      "integrity": "sha512-14bpChMahXRRXiTwahSl+zzHPW6qQTXtkMuJBFlbo+pqSAews2d4BdCSHfrJ/MBsCZtpmTafsY+1QhBzitcmdg==",
      "os": ["win32"],
      "cpu": ["x64"]
    },
    "@rolldown/pluginutils@1.0.0": {
      "integrity": "sha512-aKs/3GSWyV0mrhNmt/96/Z3yczC3yvrzYATCiCXQebBsGyYzjNdUphRVLeJQ67ySKVXRfMxt2lm12pmXvbPFQQ=="
    },
    "@rollup/plugin-node-resolve@16.0.3_rollup@4.60.3": {
      "integrity": "sha512-lUYM3UBGuM93CnMPG1YocWu7X802BrNF3jW2zny5gQyLQgRFJhV1Sq0Zi74+dh/6NBx1DxFC4b4GXg9wUCG5Qg==",
      "dependencies": [
        "@rollup/pluginutils",
        "@types/resolve",
        "deepmerge",
        "is-module",
        "resolve",
        "rollup"
      ],
      "optionalPeers": [
        "rollup"
      ]
    },
    "@rollup/pluginutils@5.3.0_rollup@4.60.3": {
      "integrity": "sha512-5EdhGZtnu3V88ces7s53hhfK5KSASnJZv8Lulpc04cWO3REESroJXg73DFsOmgbU2BhwV0E20bu2IDZb3VKW4Q==",
      "dependencies": [
        "@types/estree",
        "estree-walker",
        "picomatch",
        "rollup"
      ],
      "optionalPeers": [
        "rollup"
      ]
    },
    "@rollup/rollup-android-arm-eabi@4.60.3": {
      "integrity": "sha512-x35CNW/ANXG3hE/EZpRU8MXX1JDN86hBb2wMGAtltkz7pc6cxgjpy1OMMfDosOQ+2hWqIkag/fGok1Yady9nGw==",
      "os": ["android"],
      "cpu": ["arm"]
    },
    "@rollup/rollup-android-arm64@4.60.3": {
      "integrity": "sha512-xw3xtkDApIOGayehp2+Rz4zimfkaX65r4t47iy+ymQB2G4iJCBBfj0ogVg5jpvjpn8UWn/+q9tprxleYeNp3Hw==",
      "os": ["android"],
      "cpu": ["arm64"]
    },
    "@rollup/rollup-darwin-arm64@4.60.3": {
      "integrity": "sha512-vo6Y5Qfpx7/5EaamIwi0WqW2+zfiusVihKatLvtN1VFVy3D13uERk/6gZLU1UiHRL6fDXqj/ELIeVRGnvcTE1g==",
      "os": ["darwin"],
      "cpu": ["arm64"]
    },
    "@rollup/rollup-darwin-x64@4.60.3": {
      "integrity": "sha512-D+0QGcZhBzTN82weOnsSlY7V7+RMmPuF1CkbxyMAGE8+ZHeUjyb76ZiWmBlCu//AQQONvxcqRbwZTajZKqjuOw==",
      "os": ["darwin"],
      "cpu": ["x64"]
    },
    "@rollup/rollup-freebsd-arm64@4.60.3": {
      "integrity": "sha512-6HnvHCT7fDyj6R0Ph7A6x8dQS/S38MClRWeDLqc0MdfWkxjiu1HSDYrdPhqSILzjTIC/pnXbbJbo+ft+gy/9hQ==",
      "os": ["freebsd"],
      "cpu": ["arm64"]
    },
    "@rollup/rollup-freebsd-x64@4.60.3": {
      "integrity": "sha512-KHLgC3WKlUYW3ShFKnnosZDOJ0xjg9zp7au3sIm2bs/tGBeC2ipmvRh/N7JKi0t9Ue20C0dpEshi8WUubg+cnA==",
      "os": ["freebsd"],
      "cpu": ["x64"]
    },
    "@rollup/rollup-linux-arm-gnueabihf@4.60.3": {
      "integrity": "sha512-DV6fJoxEYWJOvaZIsok7KrYl0tPvga5OZ2yvKHNNYyk/2roMLqQAbGhr78EQ5YhHpnhLKJD3S1WFusAkmUuV5g==",
      "os": ["linux"],
      "cpu": ["arm"]
    },
    "@rollup/rollup-linux-arm-musleabihf@4.60.3": {
      "integrity": "sha512-mQKoJAzvuOs6F+TZybQO4GOTSMUu7v0WdxEk24krQ/uUxXoPTtHjuaUuPmFhtBcM4K0ons8nrE3JyhTuCFtT/w==",
      "os": ["linux"],
      "cpu": ["arm"]
    },
    "@rollup/rollup-linux-arm64-gnu@4.60.3": {
      "integrity": "sha512-Whjj2qoiJ6+OOJMGptTYazaJvjOJm+iKHpXQM1P3LzGjt7Ff++Tp7nH4N8J/BUA7R9IHfDyx4DJIflifwnbmIA==",
      "os": ["linux"],
      "cpu": ["arm64"]
    },
    "@rollup/rollup-linux-arm64-musl@4.60.3": {
      "integrity": "sha512-4YTNHKqGng5+yiZt3mg77nmyuCfmNfX4fPmyUapBcIk+BdwSwmCWGXOUxhXbBEkFHtoN5boLj/5NON+u5QC9tg==",
      "os": ["linux"],
      "cpu": ["arm64"]
    },
    "@rollup/rollup-linux-loong64-gnu@4.60.3": {
      "integrity": "sha512-SU3kNlhkpI4UqlUc2VXPGK9o886ZsSeGfMAX2ba2b8DKmMXq4AL7KUrkSWVbb7koVqx41Yczx6dx5PNargIrEA==",
      "os": ["linux"],
      "cpu": ["loong64"]
    },
    "@rollup/rollup-linux-loong64-musl@4.60.3": {
      "integrity": "sha512-6lDLl5h4TXpB1mTf2rQWnAk/LcXrx9vBfu/DT5TIPhvMhRWaZ5MxkIc8u4lJAmBo6klTe1ywXIUHFjylW505sg==",
      "os": ["linux"],
      "cpu": ["loong64"]
    },
    "@rollup/rollup-linux-ppc64-gnu@4.60.3": {
      "integrity": "sha512-BMo8bOw8evlup/8G+cj5xWtPyp93xPdyoSN16Zy90Q2QZ0ZYRhCt6ZJSwbrRzG9HApFabjwj2p25TUPDWrhzqQ==",
      "os": ["linux"],
      "cpu": ["ppc64"]
    },
    "@rollup/rollup-linux-ppc64-musl@4.60.3": {
      "integrity": "sha512-E0L8X1dZN1/Rph+5VPF6Xj2G7JJvMACVXtamTJIDrVI44Y3K+G8gQaMEAavbqCGTa16InptiVrX6eM6pmJ+7qA==",
      "os": ["linux"],
      "cpu": ["ppc64"]
    },
    "@rollup/rollup-linux-riscv64-gnu@4.60.3": {
      "integrity": "sha512-oZJ/WHaVfHUiRAtmTAeo3DcevNsVvH8mbvodjZy7D5QKvCefO371SiKRpxoDcCxB3PTRTLayWBkvmDQKTcX/sw==",
      "os": ["linux"],
      "cpu": ["riscv64"]
    },
    "@rollup/rollup-linux-riscv64-musl@4.60.3": {
      "integrity": "sha512-Dhbyh7j9FybM3YaTgaHmVALwA8AkUwTPccyCQ79TG9AJUsMQqgN1DDEZNr4+QUfwiWvLDumW5vdwzoeUF+TNxQ==",
      "os": ["linux"],
      "cpu": ["riscv64"]
    },
    "@rollup/rollup-linux-s390x-gnu@4.60.3": {
      "integrity": "sha512-cJd1X5XhHHlltkaypz1UcWLA8AcoIi1aWhsvaWDskD1oz2eKCypnqvTQ8ykMNI0RSmm7NkTdSqSSD7zM0xa6Ig==",
      "os": ["linux"],
      "cpu": ["s390x"]
    },
    "@rollup/rollup-linux-x64-gnu@4.60.3": {
      "integrity": "sha512-DAZDBHQfG2oQuhY7mc6I3/qB4LU2fQCjRvxbDwd/Jdvb9fypP4IJ4qmtu6lNjes6B531AI8cg1aKC2di97bUxA==",
      "os": ["linux"],
      "cpu": ["x64"]
    },
    "@rollup/rollup-linux-x64-musl@4.60.3": {
      "integrity": "sha512-cRxsE8c13mZOh3vP+wLDxpQBRrOHDIGOWyDL93Sy0Ga8y515fBcC2pjUfFwUe5T7tqvTvWbCpg1URM/AXdWIXA==",
      "os": ["linux"],
      "cpu": ["x64"]
    },
    "@rollup/rollup-openbsd-x64@4.60.3": {
      "integrity": "sha512-QaWcIgRxqEdQdhJqW4DJctsH6HCmo5vHxY0krHSX4jMtOqfzC+dqDGuHM87bu4H8JBeibWx7jFz+h6/4C8wA5Q==",
      "os": ["openbsd"],
      "cpu": ["x64"]
    },
    "@rollup/rollup-openharmony-arm64@4.60.3": {
      "integrity": "sha512-AaXwSvUi3QIPtroAUw1t5yHGIyqKEXwH54WUocFolZhpGDruJcs8c+xPNDRn4XiQsS7MEwnYsHW2l0MBLDMkWg==",
      "os": ["openharmony"],
      "cpu": ["arm64"]
    },
    "@rollup/rollup-win32-arm64-msvc@4.60.3": {
      "integrity": "sha512-65LAKM/bAWDqKNEelHlcHvm2V+Vfb8C6INFxQXRHCvaVN1rJfwr4NvdP4FyzUaLqWfaCGaadf6UbTm8xJeYfEg==",
      "os": ["win32"],
      "cpu": ["arm64"]
    },
    "@rollup/rollup-win32-ia32-msvc@4.60.3": {
      "integrity": "sha512-EEM2gyhBF5MFnI6vMKdX1LAosE627RGBzIoGMdLloPZkXrUN0Ckqgr2Qi8+J3zip/8NVVro3/FjB+tjhZUgUHA==",
      "os": ["win32"],
      "cpu": ["ia32"]
    },
    "@rollup/rollup-win32-x64-gnu@4.60.3": {
      "integrity": "sha512-E5Eb5H/DpxaoXH++Qkv28RcUJboMopmdDUALBczvHMf7hNIxaDZqwY5lK12UK1BHacSmvupoEWGu+n993Z0y1A==",
      "os": ["win32"],
      "cpu": ["x64"]
    },
    "@rollup/rollup-win32-x64-msvc@4.60.3": {
      "integrity": "sha512-hPt/bgL5cE+Qp+/TPHBqptcAgPzgj46mPcg/16zNUmbQk0j+mOEQV/+Lqu8QRtDV3Ek95Q6FeFITpuhl6OTsAA==",
      "os": ["win32"],
      "cpu": ["x64"]
    },
    "@rspack/binding-darwin-arm64@2.0.2": {
      "integrity": "sha512-0o7lbgBBsDlICWdjIH0q3e0BsSco4GRiImHWVfZSVEG+q2+ykZJvSvYCVhPM1Co375Z0S3VMPa/8SjcY1FHwlw==",
      "os": ["darwin"],
      "cpu": ["arm64"]
    },
    "@rspack/binding-darwin-x64@2.0.2": {
      "integrity": "sha512-tOwxZpoPlTlRs/w6UyUinXJ4TYRVHMlR7+eQxO1R3muKpixvhXQjtvoaY16HuFyTVky5F0IfOoWr3x9FEsgdLg==",
      "os": ["darwin"],
      "cpu": ["x64"]
    },
    "@rspack/binding-linux-arm64-gnu@2.0.2": {
      "integrity": "sha512-1ZD4YFhG1rmgqj+W8hfwHyKV8xDxGsc/3KgU0FwmiVEX7JfzhCkgBO/xlCG79kRKSrzuVzt4icO/G3cCKn0pag==",
      "os": ["linux"],
      "cpu": ["arm64"]
    },
    "@rspack/binding-linux-arm64-musl@2.0.2": {
      "integrity": "sha512-/PtTkM/DsDLjeuXTmeJeRfbjCDbcL9jvoVgZrgxYFZ28y2cdLvbChbW9uigOzs5dQEs1CIBQXMTTj7KhdBTuQg==",
      "os": ["linux"],
      "cpu": ["arm64"]
    },
    "@rspack/binding-linux-x64-gnu@2.0.2": {
      "integrity": "sha512-bBjsZxMHRaPo6X9SokApm6ucs+UhXtAJFyJJyuk2BH4XJsLeCU9Dz1vMwioeohFbJUUeTASVPm6/BL+RhSaunw==",
      "os": ["linux"],
      "cpu": ["x64"]
    },
    "@rspack/binding-linux-x64-musl@2.0.2": {
      "integrity": "sha512-HjlpInqzabDNkhVsUJpsHPqa9QYVWBViJoyWNjzXCAW0vKMDvwaphyUvokSinX8FGTlZi/sr5UEaHJo6XtQ35g==",
      "os": ["linux"],
      "cpu": ["x64"]
    },
    "@rspack/binding-wasm32-wasi@2.0.2": {
      "integrity": "sha512-YaRYNFLJRpkGfYjSWR7n9f+nQKtrlmrrffpAn/blc2geHcRvXoBc5SCs1idPtsLhj7H9qWWhs7ucjyHy4csWFg==",
      "dependencies": [
        "@emnapi/core",
        "@emnapi/runtime",
        "@napi-rs/wasm-runtime"
      ],
      "cpu": ["wasm32"]
    },
    "@rspack/binding-win32-arm64-msvc@2.0.2": {
      "integrity": "sha512-d/3kTEKq+asLjRFPO96t+wfWiM7DLN76VQEPDD9bc1kdsZXlVJBuvyXfsgK8bbEvKplWXYcSsokhmEnuXrLOpg==",
      "os": ["win32"],
      "cpu": ["arm64"]
    },
    "@rspack/binding-win32-ia32-msvc@2.0.2": {
      "integrity": "sha512-161cWineq3RW+Jdm1FAfSpXeUtYWvhB3kAbm46vNT9h/YYz+spwsFMvveAZ1nsVSVL0IC5lDBGUte7yUAY8K2g==",
      "os": ["win32"],
      "cpu": ["ia32"]
    },
    "@rspack/binding-win32-x64-msvc@2.0.2": {
      "integrity": "sha512-y7Q0S1FE+OlkL5GMqLG0PwxrPw6E1r892KhGrGKE1Vdufe5YTEx6xTPxzZ+b7N2KPD7s9G1/iJmWHQxb1+Bjkg==",
      "os": ["win32"],
      "cpu": ["x64"]
    },
    "@rspack/binding@2.0.2": {
      "integrity": "sha512-0kZPplW9GWx8mfC6DfsaRY3QBIYPuUs42JfmSM6aSb8tMHZAXQeLeMB8M+h8i4SeI+aFtCgO6UuYGtyWf7+L+A==",
      "optionalDependencies": [
        "@rspack/binding-darwin-arm64",
        "@rspack/binding-darwin-x64",
        "@rspack/binding-linux-arm64-gnu",
        "@rspack/binding-linux-arm64-musl",
        "@rspack/binding-linux-x64-gnu",
        "@rspack/binding-linux-x64-musl",
        "@rspack/binding-wasm32-wasi",
        "@rspack/binding-win32-arm64-msvc",
        "@rspack/binding-win32-ia32-msvc",
        "@rspack/binding-win32-x64-msvc"
      ]
    },
    "@rspack/core@2.0.2": {
      "integrity": "sha512-VM3UHOo26uC+4QSqY5tU1ybI7KuXY5rTof8nhFOaBY9SYau0Smvr+hMSAPmrmHwknB6dXT8yaNVxrj7I+qxE1Q==",
      "dependencies": [
        "@rspack/binding"
      ]
    },
    "@tybys/wasm-util@0.10.2": {
      "integrity": "sha512-RoBvJ2X0wuKlWFIjrwffGw1IqZHKQqzIchKaadZZfnNpsAYp2mM0h36JtPCjNDAHGgYez/15uMBpfGwchhiMgg==",
      "dependencies": [
        "tslib"
      ]
    },
    "@types/estree@1.0.8": {
      "integrity": "sha512-dWHzHa2WqEXI/O1E9OjrocMTKJl2mSrEolh1Iomrv6U+JuNwaHXsXx9bLu5gG7BUWFIN0skIQJQ/L1rIex4X6w=="
    },
    "@types/resolve@1.20.2": {
      "integrity": "sha512-60BCwRFOZCQhDncwQdxxeOEEkbc5dIMccYLwbxsS4TUNeVECQ/pBJ0j09mrHOl/JJvpRPGwO9SvE4nR2Nb/a4Q=="
    },
    "deepmerge@4.3.1": {
      "integrity": "sha512-3sUqbMEc77XqpdNO7FRyRog+eW3ph+GYCbj+rK+uYyRMuwsVy0rMiVtPn+QJlKFvWP/1PYpapqYn0Me2knFn+A=="
    },
    "deno-test@1.0.3": {
      "integrity": "sha512-dVY0dvSnxvVaJ4RV5GHVoF7yC5icKaB5YD18WsBQ+Pv9F27cRuToEdhUeQj/s2xbXtG5sWP6C+PA8g+WS7LZBA==",
      "dependencies": [
        "@deno/shim-deno-test"
      ],
      "bin": true
    },
    "enogu@0.7.0": {
      "integrity": "sha512-jd5DNHCzgFHInFkzVbjNWK3lW/Pb9+HSF+lJKKpe0EzwCteVOuJeF6MH6ZElr6apQVrFrfqJMyMdp/oaIAythA=="
    },
    "es-errors@1.3.0": {
      "integrity": "sha512-Zf5H2Kxt2xjTvbJvP2ZWLEICxA6j+hAmMzIlypy4xcBg1vKVnx89Wy0GbS+kf5cwCVFFzdCFh2XSCFNULS6csw=="
    },
    "esbuild@0.27.2": {
      "integrity": "sha512-HyNQImnsOC7X9PMNaCIeAm4ISCQXs5a5YasTXVliKv4uuBo1dKrG0A+uQS8M5eXjVMnLg3WgXaKvprHlFJQffw==",
      "optionalDependencies": [
        "@esbuild/aix-ppc64",
        "@esbuild/android-arm",
        "@esbuild/android-arm64",
        "@esbuild/android-x64",
        "@esbuild/darwin-arm64",
        "@esbuild/darwin-x64",
        "@esbuild/freebsd-arm64",
        "@esbuild/freebsd-x64",
        "@esbuild/linux-arm",
        "@esbuild/linux-arm64",
        "@esbuild/linux-ia32",
        "@esbuild/linux-loong64",
        "@esbuild/linux-mips64el",
        "@esbuild/linux-ppc64",
        "@esbuild/linux-riscv64",
        "@esbuild/linux-s390x",
        "@esbuild/linux-x64",
        "@esbuild/netbsd-arm64",
        "@esbuild/netbsd-x64",
        "@esbuild/openbsd-arm64",
        "@esbuild/openbsd-x64",
        "@esbuild/openharmony-arm64",
        "@esbuild/sunos-x64",
        "@esbuild/win32-arm64",
        "@esbuild/win32-ia32",
        "@esbuild/win32-x64"
      ],
      "scripts": true,
      "bin": true
    },
    "estree-walker@2.0.2": {
      "integrity": "sha512-Rfkk/Mp/DL7JVje3u18FxFujQlTNR2q6QfMSMB7AvCBx91NGj/ba3kCfza0f6dVDbw7YlRf/nDrn7pQrCCyQ/w=="
    },
    "fsevents@2.3.3": {
      "integrity": "sha512-5xoDfX+fL7faATnagmWPpbFtwh/R77WmMMqqHGS65C3vvB0YHrgF+B1YmZ3441tMj5n63k0212XNoJwzlhffQw==",
      "os": ["darwin"],
      "scripts": true
    },
    "function-bind@1.1.2": {
      "integrity": "sha512-7XHNxH7qX9xG5mIwxkhumTox/MIRNcOgDrxWsMt2pAr23WHp6MrRlN7FBSFpCpr+oVO0F744iUgR82nJMfG2SA=="
    },
    "hasown@2.0.3": {
      "integrity": "sha512-ej4AhfhfL2Q2zpMmLo7U1Uv9+PyhIZpgQLGT1F9miIGmiCJIoCgSmczFdrc97mWT4kVY72KA+WnnhJ5pghSvSg==",
      "dependencies": [
        "function-bind"
      ]
    },
    "hyperdyperid@1.2.0": {
      "integrity": "sha512-Y93lCzHYgGWdrJ66yIktxiaGULYc6oGiABxhcO5AufBeOyoIdZF7bIfLaOrbM0iGIOXQQgxxRrFEnb+Y6w1n4A=="
    },
    "is-core-module@2.16.2": {
      "integrity": "sha512-evOr8xfXKxE6qSR0hSXL2r3sd7ALj8+7jQEUvPYcm5sgZFdJ+AYzT6yNmJenvIYQBgIGwfwz08sL8zoL7yq2BA==",
      "dependencies": [
        "hasown"
      ]
    },
    "is-module@1.0.0": {
      "integrity": "sha512-51ypPSPCoTEIN9dy5Oy+h4pShgJmPCygKfyRCISBI+JoWT/2oJvK8QPxmwv7b/p239jXrm9M1mlQbyKJ5A152g=="
    },
    "memfs@4.17.0": {
      "integrity": "sha512-4eirfZ7thblFmqFjywlTmuWVSvccHAJbn1r8qQLzmTO11qcqpohOjmY2mFce6x7x7WtskzRqApPD0hv+Oa74jg==",
      "dependencies": [
        "@jsonjoy.com/json-pack",
        "@jsonjoy.com/util",
        "tree-dump",
        "tslib"
      ]
    },
    "npm@11.14.1": {
      "integrity": "sha512-aopNZ0eEl6LbxoFcrXLmTEPzNBNxfiQnVgR9RmJBqzm+5h5pFoOmRljpRJbsXxocBeSl7GLcx3MoDf2UlEOjZw==",
      "bin": true
    },
    "oxlint@1.63.0": {
      "integrity": "sha512-9TGXetdjgIHOJ9OiReomP7nnrMkV9HxC1xM2ramJSLQpzxjsAJtQwa4wqkJN2f/uCrqZuJseFuSlWDdvcruveg==",
      "optionalDependencies": [
        "@oxlint/binding-android-arm-eabi",
        "@oxlint/binding-android-arm64",
        "@oxlint/binding-darwin-arm64",
        "@oxlint/binding-darwin-x64",
        "@oxlint/binding-freebsd-x64",
        "@oxlint/binding-linux-arm-gnueabihf",
        "@oxlint/binding-linux-arm-musleabihf",
        "@oxlint/binding-linux-arm64-gnu",
        "@oxlint/binding-linux-arm64-musl",
        "@oxlint/binding-linux-ppc64-gnu",
        "@oxlint/binding-linux-riscv64-gnu",
        "@oxlint/binding-linux-riscv64-musl",
        "@oxlint/binding-linux-s390x-gnu",
        "@oxlint/binding-linux-x64-gnu",
        "@oxlint/binding-linux-x64-musl",
        "@oxlint/binding-openharmony-arm64",
        "@oxlint/binding-win32-arm64-msvc",
        "@oxlint/binding-win32-ia32-msvc",
        "@oxlint/binding-win32-x64-msvc"
      ],
      "bin": true
    },
    "path-parse@1.0.7": {
      "integrity": "sha512-LDJzPVEEEPR+y48z93A0Ed0yXb8pAByGWo/k5YYdYgpY2/2EsOsksJrq7lOHxryrVOn1ejG6oAp8ahvOIQD8sw=="
    },
    "picomatch@4.0.4": {
      "integrity": "sha512-QP88BAKvMam/3NxH6vj2o21R6MjxZUAd6nlwAS/pnGvN9IVLocLHxGYIzFhg6fUQ+5th6P4dv4eW9jX3DSIj7A=="
    },
    "resolve@1.22.12": {
      "integrity": "sha512-TyeJ1zif53BPfHootBGwPRYT1RUt6oGWsaQr8UyZW/eAm9bKoijtvruSDEmZHm92CwS9nj7/fWttqPCgzep8CA==",
      "dependencies": [
        "es-errors",
        "is-core-module",
        "path-parse",
        "supports-preserve-symlinks-flag"
      ],
      "bin": true
    },
    "rolldown@1.0.0": {
      "integrity": "sha512-yD986aXDESFGS95spT1LAv0jssywP4npMEjmMHyN2/5+eE8qQJUype2AaKkRiLgBgyD0LFlubwAht7VmY8rGoA==",
      "dependencies": [
        "@oxc-project/types",
        "@rolldown/pluginutils"
      ],
      "optionalDependencies": [
        "@rolldown/binding-android-arm64",
        "@rolldown/binding-darwin-arm64",
        "@rolldown/binding-darwin-x64",
        "@rolldown/binding-freebsd-x64",
        "@rolldown/binding-linux-arm-gnueabihf",
        "@rolldown/binding-linux-arm64-gnu",
        "@rolldown/binding-linux-arm64-musl",
        "@rolldown/binding-linux-ppc64-gnu",
        "@rolldown/binding-linux-s390x-gnu",
        "@rolldown/binding-linux-x64-gnu",
        "@rolldown/binding-linux-x64-musl",
        "@rolldown/binding-openharmony-arm64",
        "@rolldown/binding-wasm32-wasi",
        "@rolldown/binding-win32-arm64-msvc",
        "@rolldown/binding-win32-x64-msvc"
      ],
      "bin": true
    },
    "rollup@4.60.3": {
      "integrity": "sha512-pAQK9HalE84QSm4Po3EmWIZPd3FnjkShVkiMlz1iligWYkWQ7wHYd1PF/T7QZ5TVSD6uSTon5gBVMSM4JfBV+A==",
      "dependencies": [
        "@types/estree"
      ],
      "optionalDependencies": [
        "@rollup/rollup-android-arm-eabi",
        "@rollup/rollup-android-arm64",
        "@rollup/rollup-darwin-arm64",
        "@rollup/rollup-darwin-x64",
        "@rollup/rollup-freebsd-arm64",
        "@rollup/rollup-freebsd-x64",
        "@rollup/rollup-linux-arm-gnueabihf",
        "@rollup/rollup-linux-arm-musleabihf",
        "@rollup/rollup-linux-arm64-gnu",
        "@rollup/rollup-linux-arm64-musl",
        "@rollup/rollup-linux-loong64-gnu",
        "@rollup/rollup-linux-loong64-musl",
        "@rollup/rollup-linux-ppc64-gnu",
        "@rollup/rollup-linux-ppc64-musl",
        "@rollup/rollup-linux-riscv64-gnu",
        "@rollup/rollup-linux-riscv64-musl",
        "@rollup/rollup-linux-s390x-gnu",
        "@rollup/rollup-linux-x64-gnu",
        "@rollup/rollup-linux-x64-musl",
        "@rollup/rollup-openbsd-x64",
        "@rollup/rollup-openharmony-arm64",
        "@rollup/rollup-win32-arm64-msvc",
        "@rollup/rollup-win32-ia32-msvc",
        "@rollup/rollup-win32-x64-gnu",
        "@rollup/rollup-win32-x64-msvc",
        "fsevents"
      ],
      "bin": true
    },
    "supports-preserve-symlinks-flag@1.0.0": {
      "integrity": "sha512-ot0WnXS9fgdkgIcePe6RHNk1WA8+muPa6cSjeR3V8K27q9BB1rTE3R1p7Hv0z1ZyAc8s6Vvv8DIyWf681MAt0w=="
    },
    "thingies@2.6.0_tslib@2.8.1": {
      "integrity": "sha512-rMHRjmlFLM1R96UYPvpmnc3LYtdFrT33JIB7L9hetGue1qAPfn1N2LJeEjxUSidu1Iku+haLZXDuEXUHNGO/lg==",
      "dependencies": [
        "tslib"
      ]
    },
    "tree-dump@1.1.0_tslib@2.8.1": {
      "integrity": "sha512-rMuvhU4MCDbcbnleZTFezWsaZXRFemSqAM+7jPnzUl1fo9w3YEKOxAeui0fz3OI4EU4hf23iyA7uQRVko+UaBA==",
      "dependencies": [
        "tslib"
      ]
    },
    "tslib@2.8.1": {
      "integrity": "sha512-oJFu94HQb+KVduSUQL7wnpmqnfmLsOA/nAh6b6EH0wCEoK0/mPeXU6c3wKDV83MkOuHPRHtSXKKU99IBazS/2w=="
    },
    "unplugin@3.0.0": {
      "integrity": "sha512-0Mqk3AT2TZCXWKdcoaufeXNukv2mTrEZExeXlHIOZXdqYoHHr4n51pymnwV8x2BOVxwXbK2HLlI7usrqMpycdg==",
      "dependencies": [
        "@jridgewell/remapping",
        "picomatch",
        "webpack-virtual-modules"
      ]
    },
    "valibot@1.4.0": {
      "integrity": "sha512-iC/x7fVcSyOwlm/VSt7RlHnzNGLGvR9GnxdifUeWoCJo0q4ZZvrVkIHC6faTlkxG47I2Y4UrFquPuVHCrOnrLg=="
    },
    "webpack-virtual-modules@0.6.2": {
      "integrity": "sha512-66/V2i5hQanC51vBQKPH4aI8NMAcBW59FVBs+rC7eGHupMyfn34q7rZIE+ETlJ+XTevqfUhVVBgSUNSW2flEUQ=="
    }
  },
  "workspace": {
    "dependencies": [
      "npm:deno-test@1.0.3",
      "npm:npm@11.14.1",
      "npm:oxlint@1.63.0"
    ],
    "packageJson": {
      "dependencies": [
        "npm:unplugin@3"
      ]
    },
    "members": {
      "tests": {
        "packageJson": {
          "dependencies": [
            "npm:@rollup/plugin-node-resolve@16.0.3",
            "npm:@rspack/core@2.0.2",
            "npm:enogu@0.7.0",
            "npm:esbuild@0.27.2",
            "npm:memfs@4.17.0",
            "npm:rolldown@1.0.0",
            "npm:rollup@4.60.3",
            "npm:valibot@1.4.0"
          ]
        }
      }
    }
  }
}
